
Microsoft Visual Studio Solution File, Format Version 12.00
# Visual Studio Version 17
VisualStudioVersion = 17.5.002.0
MinimumVisualStudioVersion = 10.0.40219.1
Project("{9A19103F-16F7-4668-BE54-9A1E7A4F7556}") = "Scylladb Demo", "Scylladb Demo.csproj", "{4E33FC8F-99C9-4A96-AD3C-9688066641D7}"
EndProject
Global
	GlobalSection(SolutionConfigurationPlatforms) = preSolution
		Debug|Any CPU = Debug|Any CPU
		Release|Any CPU = Release|Any CPU
	EndGlobalSection
	GlobalSection(ProjectConfigurationPlatforms) = postSolution
		{4E33FC8F-99C9-4A96-AD3C-9688066641D7}.Debug|Any CPU.ActiveCfg = Debug|Any CPU
		{4E33FC8F-99C9-4A96-AD3C-9688066641D7}.Debug|Any CPU.Build.0 = Debug|Any CPU
		{4E33FC8F-99C9-4A96-AD3C-9688066641D7}.Release|Any CPU.ActiveCfg = Release|Any CPU
		{4E33FC8F-99C9-4A96-AD3C-9688066641D7}.Release|Any CPU.Build.0 = Release|Any CPU
	EndGlobalSection
	GlobalSection(SolutionProperties) = preSolution
		HideSolutionNode = FALSE
	EndGlobalSection
	GlobalSection(ExtensibilityGlobals) = postSolution
		SolutionGuid = {02684759-49D0-4226-801C-A1748406FBFF}
	EndGlobalSection
EndGlobal
